
Microsoft Visual Studio Solution File, Format Version 12.00
Project("{FAE04EC0-301F-11D3-BF4B-00C04F79EFBC}") = "Selenium.Tests", "Selenium.Tests\Selenium.Tests.csproj", "{D4FE54C6-39EA-4493-8995-441B22B6FE5B}"
EndProject
Project("{FAE04EC0-301F-11D3-BF4B-00C04F79EFBC}") = "TestDataXmlGenerator", "TestDataXmlGenerator\TestDataXmlGenerator.csproj", "{D011AA56-FCDF-46E7-9EA3-A003A6DFA974}"
EndProject
Project("{FAE04EC0-301F-11D3-BF4B-00C04F79EFBC}") = "Selenium", "Selenium\Selenium.csproj", "{781320E1-AFFC-4424-BF7C-52EE8E2AE07B}"
EndProject
Project("{2150E333-8FDC-42A3-9474-1A3956D46DE8}") = "Selenium", "Selenium", "{822D2DBA-072A-49E6-94A6-E1F2ED585411}"
EndProject
Project("{2150E333-8FDC-42A3-9474-1A3956D46DE8}") = "Appium", "Appium", "{D4B69CA3-C13F-4CC8-B476-3FFB47C62E53}"
EndProject
Project("{FAE04EC0-301F-11D3-BF4B-00C04F79EFBC}") = "Appium.Tests", "Appium.Tests\Appium.Tests.csproj", "{3E41A0F1-59F7-455C-BD0A-D1CE3B564464}"
EndProject
Global
	GlobalSection(SolutionConfigurationPlatforms) = preSolution
		Debug|Any CPU = Debug|Any CPU
		Release|Any CPU = Release|Any CPU
	EndGlobalSection
	GlobalSection(ProjectConfigurationPlatforms) = postSolution
		{D4FE54C6-39EA-4493-8995-441B22B6FE5B}.Debug|Any CPU.ActiveCfg = Debug|Any CPU
		{D4FE54C6-39EA-4493-8995-441B22B6FE5B}.Debug|Any CPU.Build.0 = Debug|Any CPU
		{D4FE54C6-39EA-4493-8995-441B22B6FE5B}.Release|Any CPU.ActiveCfg = Release|Any CPU
		{D4FE54C6-39EA-4493-8995-441B22B6FE5B}.Release|Any CPU.Build.0 = Release|Any CPU
		{D011AA56-FCDF-46E7-9EA3-A003A6DFA974}.Debug|Any CPU.ActiveCfg = Debug|Any CPU
		{D011AA56-FCDF-46E7-9EA3-A003A6DFA974}.Debug|Any CPU.Build.0 = Debug|Any CPU
		{D011AA56-FCDF-46E7-9EA3-A003A6DFA974}.Release|Any CPU.ActiveCfg = Release|Any CPU
		{D011AA56-FCDF-46E7-9EA3-A003A6DFA974}.Release|Any CPU.Build.0 = Release|Any CPU
		{781320E1-AFFC-4424-BF7C-52EE8E2AE07B}.Debug|Any CPU.ActiveCfg = Debug|Any CPU
		{781320E1-AFFC-4424-BF7C-52EE8E2AE07B}.Debug|Any CPU.Build.0 = Debug|Any CPU
		{781320E1-AFFC-4424-BF7C-52EE8E2AE07B}.Release|Any CPU.ActiveCfg = Release|Any CPU
		{781320E1-AFFC-4424-BF7C-52EE8E2AE07B}.Release|Any CPU.Build.0 = Release|Any CPU
		{3E41A0F1-59F7-455C-BD0A-D1CE3B564464}.Debug|Any CPU.ActiveCfg = Debug|Any CPU
		{3E41A0F1-59F7-455C-BD0A-D1CE3B564464}.Debug|Any CPU.Build.0 = Debug|Any CPU
		{3E41A0F1-59F7-455C-BD0A-D1CE3B564464}.Release|Any CPU.ActiveCfg = Release|Any CPU
		{3E41A0F1-59F7-455C-BD0A-D1CE3B564464}.Release|Any CPU.Build.0 = Release|Any CPU
	EndGlobalSection
	GlobalSection(NestedProjects) = preSolution
		{781320E1-AFFC-4424-BF7C-52EE8E2AE07B} = {822D2DBA-072A-49E6-94A6-E1F2ED585411}
		{D4FE54C6-39EA-4493-8995-441B22B6FE5B} = {822D2DBA-072A-49E6-94A6-E1F2ED585411}
		{D011AA56-FCDF-46E7-9EA3-A003A6DFA974} = {822D2DBA-072A-49E6-94A6-E1F2ED585411}
		{3E41A0F1-59F7-455C-BD0A-D1CE3B564464} = {D4B69CA3-C13F-4CC8-B476-3FFB47C62E53}
	EndGlobalSection
EndGlobal
